Microsoft Visual Studio Solution File, Format Version 11.00
# Visual Studio 2008

Project("{CA0AE819-CCE1-0318-F6C6-56F7B83A0E8B}") = "SupermanCamera_5", "Assembly-CSharp-vs.csproj", "{B1E0F0F5-E98B-9916-59CF-AF3778494917}"
EndProject
Project("{CA0AE819-CCE1-0318-F6C6-56F7B83A0E8B}") = "SupermanCamera_5", "Assembly-CSharp-Editor-vs.csproj", "{DC323D6C-B0E5-AC20-9FCF-61F6AFEA488F}"
EndProject
Global
	GlobalSection(SolutionConfigurationPlatforms) = preSolution
		Debug|Any CPU = Debug|Any CPU
		Release|Any CPU = Release|Any CPU
	EndGlobalSection
	GlobalSection(ProjectConfigurationPlatforms) = postSolution
		{B1E0F0F5-E98B-9916-59CF-AF3778494917}.Debug|Any CPU.ActiveCfg = Debug|Any CPU
		{B1E0F0F5-E98B-9916-59CF-AF3778494917}.Debug|Any CPU.Build.0 = Debug|Any CPU
		{B1E0F0F5-E98B-9916-59CF-AF3778494917}.Release|Any CPU.ActiveCfg = Release|Any CPU
		{B1E0F0F5-E98B-9916-59CF-AF3778494917}.Release|Any CPU.Build.0 = Release|Any CPU
		{DC323D6C-B0E5-AC20-9FCF-61F6AFEA488F}.Debug|Any CPU.ActiveCfg = Debug|Any CPU
		{DC323D6C-B0E5-AC20-9FCF-61F6AFEA488F}.Debug|Any CPU.Build.0 = Debug|Any CPU
		{DC323D6C-B0E5-AC20-9FCF-61F6AFEA488F}.Release|Any CPU.ActiveCfg = Release|Any CPU
		{DC323D6C-B0E5-AC20-9FCF-61F6AFEA488F}.Release|Any CPU.Build.0 = Release|Any CPU
	EndGlobalSection
	GlobalSection(SolutionProperties) = preSolution
		HideSolutionNode = FALSE
	EndGlobalSection
								GlobalSection(MonoDevelopProperties) = preSolution
		StartupItem = Assembly-CSharp.csproj
		Policies = $0
		$0.TextStylePolicy = $1
		$1.inheritsSet = null
		$1.scope = text/x-csharp
		$0.CSharpFormattingPolicy = $2
		$2.inheritsSet = Mono
		$2.inheritsScope = text/x-csharp
		$2.scope = text/x-csharp
		$0.TextStylePolicy = $3
		$3.FileWidth = 120
		$3.TabWidth = 4
		$3.IndentWidth = 4
		$3.EolMarker = Unix
		$3.inheritsSet = Mono
		$3.inheritsScope = text/plain
		$3.scope = text/plain
	EndGlobalSection

EndGlobal
